// !$*UTF8*$!
{
	archiveVersion = 1;
	classes = {
	};
	objectVersion = 50;
	objects = {

/* Begin PBXBuildFile section */
		AA6E92222641DE6300D20578 /* AppDelegate.swift in Sources */ = {isa = PBXBuildFile; fileRef = AA6E92212641DE6300D20578 /* AppDelegate.swift */; };
		AA6E92242641DE6300D20578 /* SceneDelegate.swift in Sources */ = {isa = PBXBuildFile; fileRef = AA6E92232641DE6300D20578 /* SceneDelegate.swift */; };
		AA6E92292641DE6300D20578 /* Main.storyboard in Resources */ = {isa = PBXBuildFile; fileRef = AA6E92272641DE6300D20578 /* Main.storyboard */; };
		AA6E922B2641DE6400D20578 /* Assets.xcassets in Resources */ = {isa = PBXBuildFile; fileRef = AA6E922A2641DE6400D20578 /* Assets.xcassets */; };
		AA6E922E2641DE6400D20578 /* LaunchScreen.storyboard in Resources */ = {isa = PBXBuildFile; fileRef = AA6E922C2641DE6400D20578 /* LaunchScreen.storyboard */; };
		AA6E923E2641E27100D20578 /* Card.swift in Sources */ = {isa = PBXBuildFile; fileRef = AA6E923D2641E27100D20578 /* Card.swift */; };
		AA6E92402641E3BD00D20578 /* CardController.swift in Sources */ = {isa = PBXBuildFile; fileRef = AA6E923F2641E3BD00D20578 /* CardController.swift */; };
		AA6E92422641E4C000D20578 /* CardError.swift in Sources */ = {isa = PBXBuildFile; fileRef = AA6E92412641E4C000D20578 /* CardError.swift */; };
		AA6E92442641F3B100D20578 /* UIViewControllerExtension.swift in Sources */ = {isa = PBXBuildFile; fileRef = AA6E92432641F3B100D20578 /* UIViewControllerExtension.swift */; };
		AA6E92462641F46900D20578 /* CardViewController.swift in Sources */ = {isa = PBXBuildFile; fileRef = AA6E92452641F46900D20578 /* CardViewController.swift */; };
/* End PBXBuildFile section */

/* Begin PBXFileReference section */
		AA6E921E2641DE6300D20578 /* DeckOfOneCard.app */ = {isa = PBXFileReference; explicitFileType = wrapper.application; includeInIndex = 0; path = DeckOfOneCard.app; sourceTree = BUILT_PRODUCTS_DIR; };
		AA6E92212641DE6300D20578 /* AppDelegate.swift */ = {isa = PBXFileReference; lastKnownFileType = sourcecode.swift; path = AppDelegate.swift; sourceTree = "<group>"; };
		AA6E92232641DE6300D20578 /* SceneDelegate.swift */ = {isa = PBXFileReference; lastKnownFileType = sourcecode.swift; path = SceneDelegate.swift; sourceTree = "<group>"; };
		AA6E92282641DE6300D20578 /* Base */ = {isa = PBXFileReference; lastKnownFileType = file.storyboard; name = Base; path = Base.lproj/Main.storyboard; sourceTree = "<group>"; };
		AA6E922A2641DE6400D20578 /* Assets.xcassets */ = {isa = PBXFileReference; lastKnownFileType = folder.assetcatalog; path = Assets.xcassets; sourceTree = "<group>"; };
		AA6E922D2641DE6400D20578 /* Base */ = {isa = PBXFileReference; lastKnownFileType = file.storyboard; name = Base; path = Base.lproj/LaunchScreen.storyboard; sourceTree = "<group>"; };
		AA6E922F2641DE6400D20578 /* Info.plist */ = {isa = PBXFileReference; lastKnownFileType = text.plist.xml; path = Info.plist; sourceTree = "<group>"; };
		AA6E923D2641E27100D20578 /* Card.swift */ = {isa = PBXFileReference; lastKnownFileType = sourcecode.swift; path = Card.swift; sourceTree = "<group>"; };
		AA6E923F2641E3BD00D20578 /* CardController.swift */ = {isa = PBXFileReference; lastKnownFileType = sourcecode.swift; path = CardController.swift; sourceTree = "<group>"; };
		AA6E92412641E4C000D20578 /* CardError.swift */ = {isa = PBXFileReference; lastKnownFileType = sourcecode.swift; path = CardError.swift; sourceTree = "<group>"; };
		AA6E92432641F3B100D20578 /* UIViewControllerExtension.swift */ = {isa = PBXFileReference; lastKnownFileType = sourcecode.swift; path = UIViewControllerExtension.swift; sourceTree = "<group>"; };
		AA6E92452641F46900D20578 /* CardViewController.swift */ = {isa = PBXFileReference; lastKnownFileType = sourcecode.swift; path = CardViewController.swift; sourceTree = "<group>"; };
/* End PBXFileReference section */

/* Begin PBXFrameworksBuildPhase section */
		AA6E921B2641DE6300D20578 /* Frameworks */ = {
			isa = PBXFrameworksBuildPhase;
			buildActionMask = 2147483647;
			files = (
			);
			runOnlyForDeploymentPostprocessing = 0;
		};
/* End PBXFrameworksBuildPhase section */

/* Begin PBXGroup section */
		AA6E92152641DE6300D20578 = {
			isa = PBXGroup;
			children = (
				AA6E92202641DE6300D20578 /* DeckOfOneCard */,
				AA6E921F2641DE6300D20578 /* Products */,
			);
			sourceTree = "<group>";
		};
		AA6E921F2641DE6300D20578 /* Products */ = {
			isa = PBXGroup;
			children = (
				AA6E921E2641DE6300D20578 /* DeckOfOneCard.app */,
			);
			name = Products;
			sourceTree = "<group>";
		};
		AA6E92202641DE6300D20578 /* DeckOfOneCard */ = {
			isa = PBXGroup;
			children = (
				AA6E923C2641DEA300D20578 /* Models */,
				AA6E92392641DE8C00D20578 /* Controllers */,
				AA6E92372641DE7F00D20578 /* Views */,
				AA6E92362641DE7900D20578 /* Helper and Extension */,
				AA6E92352641DE6E00D20578 /* Resources */,
			);
			path = DeckOfOneCard;
			sourceTree = "<group>";
		};
		AA6E92352641DE6E00D20578 /* Resources */ = {
			isa = PBXGroup;
			children = (
				AA6E92212641DE6300D20578 /* AppDelegate.swift */,
				AA6E92232641DE6300D20578 /* SceneDelegate.swift */,
				AA6E922A2641DE6400D20578 /* Assets.xcassets */,
				AA6E922F2641DE6400D20578 /* Info.plist */,
			);
			path = Resources;
			sourceTree = "<group>";
		};
		AA6E92362641DE7900D20578 /* Helper and Extension */ = {
			isa = PBXGroup;
			children = (
				AA6E92412641E4C000D20578 /* CardError.swift */,
				AA6E92432641F3B100D20578 /* UIViewControllerExtension.swift */,
			);
			path = "Helper and Extension";
			sourceTree = "<group>";
		};
		AA6E92372641DE7F00D20578 /* Views */ = {
			isa = PBXGroup;
			children = (
				AA6E92382641DE8500D20578 /* Storyboard */,
			);
			path = Views;
			sourceTree = "<group>";
		};
		AA6E92382641DE8500D20578 /* Storyboard */ = {
			isa = PBXGroup;
			children = (
				AA6E92272641DE6300D20578 /* Main.storyboard */,
				AA6E922C2641DE6400D20578 /* LaunchScreen.storyboard */,
			);
			path = Storyboard;
			sourceTree = "<group>";
		};
		AA6E92392641DE8C00D20578 /* Controllers */ = {
			isa = PBXGroup;
			children = (
				AA6E923B2641DE9B00D20578 /* ModelControllers */,
				AA6E923A2641DE9500D20578 /* ViewControllers */,
			);
			path = Controllers;
			sourceTree = "<group>";
		};
		AA6E923A2641DE9500D20578 /* ViewControllers */ = {
			isa = PBXGroup;
			children = (
				AA6E92452641F46900D20578 /* CardViewController.swift */,
			);
			path = ViewControllers;
			sourceTree = "<group>";
		};
		AA6E923B2641DE9B00D20578 /* ModelControllers */ = {
			isa = PBXGroup;
			children = (
				AA6E923F2641E3BD00D20578 /* CardController.swift */,
			);
			path = ModelControllers;
			sourceTree = "<group>";
		};
		AA6E923C2641DEA300D20578 /* Models */ = {
			isa = PBXGroup;
			children = (
				AA6E923D2641E27100D20578 /* Card.swift */,
			);
			path = Models;
			sourceTree = "<group>";
		};
/* End PBXGroup section */

/* Begin PBXNativeTarget section */
		AA6E921D2641DE6300D20578 /* DeckOfOneCard */ = {
			isa = PBXNativeTarget;
			buildConfigurationList = AA6E92322641DE6400D20578 /* Build configuration list for PBXNativeTarget "DeckOfOneCard" */;
			buildPhases = (
				AA6E921A2641DE6300D20578 /* Sources */,
				AA6E921B2641DE6300D20578 /* Frameworks */,
				AA6E921C2641DE6300D20578 /* Resources */,
			);
			buildRules = (
			);
			dependencies = (
			);
			name = DeckOfOneCard;
			productName = DeckOfOneCard;
			productReference = AA6E921E2641DE6300D20578 /* DeckOfOneCard.app */;
			productType = "com.apple.product-type.application";
		};
/* End PBXNativeTarget section */

/* Begin PBXProject section */
		AA6E92162641DE6300D20578 /* Project object */ = {
			isa = PBXProject;
			attributes = {
				LastSwiftUpdateCheck = 1250;
				LastUpgradeCheck = 1250;
				TargetAttributes = {
					AA6E921D2641DE6300D20578 = {
						CreatedOnToolsVersion = 12.5;
					};
				};
			};
			buildConfigurationList = AA6E92192641DE6300D20578 /* Build configuration list for PBXProject "DeckOfOneCard" */;
			compatibilityVersion = "Xcode 9.3";
			developmentRegion = en;
			hasScannedForEncodings = 0;
			knownRegions = (
				en,
				Base,
			);
			mainGroup = AA6E92152641DE6300D20578;
			productRefGroup = AA6E921F2641DE6300D20578 /* Products */;
			projectDirPath = "";
			projectRoot = "";
			targets = (
				AA6E921D2641DE6300D20578 /* DeckOfOneCard */,
			);
		};
/* End PBXProject section */

/* Begin PBXResourcesBuildPhase section */
		AA6E921C2641DE6300D20578 /* Resources */ = {
			isa = PBXResourcesBuildPhase;
			buildActionMask = 2147483647;
			files = (
				AA6E922E2641DE6400D20578 /* LaunchScreen.storyboard in Resources */,
				AA6E922B2641DE6400D20578 /* Assets.xcassets in Resources */,
				AA6E92292641DE6300D20578 /* Main.storyboard in Resources */,
			);
			runOnlyForDeploymentPostprocessing = 0;
		};
/* End PBXResourcesBuildPhase section */

/* Begin PBXSourcesBuildPhase section */
		AA6E921A2641DE6300D20578 /* Sources */ = {
			isa = PBXSourcesBuildPhase;
			buildActionMask = 2147483647;
			files = (
				AA6E92222641DE6300D20578 /* AppDelegate.swift in Sources */,
				AA6E92462641F46900D20578 /* CardViewController.swift in Sources */,
				AA6E92402641E3BD00D20578 /* CardController.swift in Sources */,
				AA6E92442641F3B100D20578 /* UIViewControllerExtension.swift in Sources */,
				AA6E923E2641E27100D20578 /* Card.swift in Sources */,
				AA6E92422641E4C000D20578 /* CardError.swift in Sources */,
				AA6E92242641DE6300D20578 /* SceneDelegate.swift in Sources */,
			);
			runOnlyForDeploymentPostprocessing = 0;
		};
/* End PBXSourcesBuildPhase section */

/* Begin PBXVariantGroup section */
		AA6E92272641DE6300D20578 /* Main.storyboard */ = {
			isa = PBXVariantGroup;
			children = (
				AA6E92282641DE6300D20578 /* Base */,
			);
			name = Main.storyboard;
			sourceTree = "<group>";
		};
		AA6E922C2641DE6400D20578 /* LaunchScreen.storyboard */ = {
			isa = PBXVariantGroup;
			children = (
				AA6E922D2641DE6400D20578 /* Base */,
			);
			name = LaunchScreen.storyboard;
			sourceTree = "<group>";
		};
/* End PBXVariantGroup section */

/* Begin XCBuildConfiguration section */
		AA6E92302641DE6400D20578 /* Debug */ = {
			isa = XCBuildConfiguration;
			buildSettings = {
				ALWAYS_SEARCH_USER_PATHS = NO;
				CLANG_ANALYZER_NONNULL = YES;
				CLANG_ANALYZER_NUMBER_OBJECT_CONVERSION = YES_AGGRESSIVE;
				CLANG_CXX_LANGUAGE_STANDARD = "gnu++14";
				CLANG_CXX_LIBRARY = "libc++";
				CLANG_ENABLE_MODULES = YES;
				CLANG_ENABLE_OBJC_ARC = YES;
				CLANG_ENABLE_OBJC_WEAK = YES;
				CLANG_WARN_BLOCK_CAPTURE_AUTORELEASING = YES;
				CLANG_WARN_BOOL_CONVERSION = YES;
				CLANG_WARN_COMMA = YES;
				CLANG_WARN_CONSTANT_CONVERSION = YES;
				CLANG_WARN_DEPRECATED_OBJC_IMPLEMENTATIONS = YES;
				CLANG_WARN_DIRECT_OBJC_ISA_USAGE = YES_ERROR;
				CLANG_WARN_DOCUMENTATION_COMMENTS = YES;
				CLANG_WARN_EMPTY_BODY = YES;
				CLANG_WARN_ENUM_CONVERSION = YES;
				CLANG_WARN_INFINITE_RECURSION = YES;
				CLANG_WARN_INT_CONVERSION = YES;
				CLANG_WARN_NON_LITERAL_NULL_CONVERSION = YES;
				CLANG_WARN_OBJC_IMPLICIT_RETAIN_SELF = YES;
				CLANG_WARN_OBJC_LITERAL_CONVERSION = YES;
				CLANG_WARN_OBJC_ROOT_CLASS = YES_ERROR;
				CLANG_WARN_QUOTED_INCLUDE_IN_FRAMEWORK_HEADER = YES;
				CLANG_WARN_RANGE_LOOP_ANALYSIS = YES;
				CLANG_WARN_STRICT_PROTOTYPES = YES;
				CLANG_WARN_SUSPICIOUS_MOVE = YES;
				CLANG_WARN_UNGUARDED_AVAILABILITY = YES_AGGRESSIVE;
				CLANG_WARN_UNREACHABLE_CODE = YES;
				CLANG_WARN__DUPLICATE_METHOD_MATCH = YES;
				COPY_PHASE_STRIP = NO;
				DEBUG_INFORMATION_FORMAT = dwarf;
				ENABLE_STRICT_OBJC_MSGSEND = YES;
				ENABLE_TESTABILITY = YES;
				GCC_C_LANGUAGE_STANDARD = gnu11;
				GCC_DYNAMIC_NO_PIC = NO;
				GCC_NO_COMMON_BLOCKS = YES;
				GCC_OPTIMIZATION_LEVEL = 0;
				GCC_PREPROCESSOR_DEFINITIONS = (
					"DEBUG=1",
					"$(inherited)",
				);
				GCC_WARN_64_TO_32_BIT_CONVERSION = YES;
				GCC_WARN_ABOUT_RETURN_TYPE = YES_ERROR;
				GCC_WARN_UNDECLARED_SELECTOR = YES;
				GCC_WARN_UNINITIALIZED_AUTOS = YES_AGGRESSIVE;
				GCC_WARN_UNUSED_FUNCTION = YES;
				GCC_WARN_UNUSED_VARIABLE = YES;
				IPHONEOS_DEPLOYMENT_TARGET = 14.5;
				MTL_ENABLE_DEBUG_INFO = INCLUDE_SOURCE;
				MTL_FAST_MATH = YES;
				ONLY_ACTIVE_ARCH = YES;
				SDKROOT = iphoneos;
				SWIFT_ACTIVE_COMPILATION_CONDITIONS = DEBUG;
				SWIFT_OPTIMIZATION_LEVEL = "-Onone";
			};
			name = Debug;
		};
		AA6E92312641DE6400D20578 /* Release */ = {
			isa = XCBuildConfiguration;
			buildSettings = {
				ALWAYS_SEARCH_USER_PATHS = NO;
				CLANG_ANALYZER_NONNULL = YES;
				CLANG_ANALYZER_NUMBER_OBJECT_CONVERSION = YES_AGGRESSIVE;
				CLANG_CXX_LANGUAGE_STANDARD = "gnu++14";
				CLANG_CXX_LIBRARY = "libc++";
				CLANG_ENABLE_MODULES = YES;
				CLANG_ENABLE_OBJC_ARC = YES;
				CLANG_ENABLE_OBJC_WEAK = YES;
				CLANG_WARN_BLOCK_CAPTURE_AUTORELEASING = YES;
				CLANG_WARN_BOOL_CONVERSION = YES;
				CLANG_WARN_COMMA = YES;
				CLANG_WARN_CONSTANT_CONVERSION = YES;
				CLANG_WARN_DEPRECATED_OBJC_IMPLEMENTATIONS = YES;
				CLANG_WARN_DIRECT_OBJC_ISA_USAGE = YES_ERROR;
				CLANG_WARN_DOCUMENTATION_COMMENTS = YES;
				CLANG_WARN_EMPTY_BODY = YES;
				CLANG_WARN_ENUM_CONVERSION = YES;
				CLANG_WARN_INFINITE_RECURSION = YES;
				CLANG_WARN_INT_CONVERSION = YES;
				CLANG_WARN_NON_LITERAL_NULL_CONVERSION = YES;
				CLANG_WARN_OBJC_IMPLICIT_RETAIN_SELF = YES;
				CLANG_WARN_OBJC_LITERAL_CONVERSION = YES;
				CLANG_WARN_OBJC_ROOT_CLASS = YES_ERROR;
				CLANG_WARN_QUOTED_INCLUDE_IN_FRAMEWORK_HEADER = YES;
				CLANG_WARN_RANGE_LOOP_ANALYSIS = YES;
				CLANG_WARN_STRICT_PROTOTYPES = YES;
				CLANG_WARN_SUSPICIOUS_MOVE = YES;
				CLANG_WARN_UNGUARDED_AVAILABILITY = YES_AGGRESSIVE;
				CLANG_WARN_UNREACHABLE_CODE = YES;
				CLANG_WARN__DUPLICATE_METHOD_MATCH = YES;
				COPY_PHASE_STRIP = NO;
				DEBUG_INFORMATION_FORMAT = "dwarf-with-dsym";
				ENABLE_NS_ASSERTIONS = NO;
				ENABLE_STRICT_OBJC_MSGSEND = YES;
				GCC_C_LANGUAGE_STANDARD = gnu11;
				GCC_NO_COMMON_BLOCKS = YES;
				GCC_WARN_64_TO_32_BIT_CONVERSION = YES;
				GCC_WARN_ABOUT_RETURN_TYPE = YES_ERROR;
				GCC_WARN_UNDECLARED_SELECTOR = YES;
				GCC_WARN_UNINITIALIZED_AUTOS = YES_AGGRESSIVE;
				GCC_WARN_UNUSED_FUNCTION = YES;
				GCC_WARN_UNUSED_VARIABLE = YES;
				IPHONEOS_DEPLOYMENT_TARGET = 14.5;
				MTL_ENABLE_DEBUG_INFO = NO;
				MTL_FAST_MATH = YES;
				SDKROOT = iphoneos;
				SWIFT_COMPILATION_MODE = wholemodule;
				SWIFT_OPTIMIZATION_LEVEL = "-O";
				VALIDATE_PRODUCT = YES;
			};
			name = Release;
		};
		AA6E92332641DE6400D20578 /* Debug */ = {
			isa = XCBuildConfiguration;
			buildSettings = {
				ASSETCATALOG_COMPILER_APPICON_NAME = AppIcon;
				ASSETCATALOG_COMPILER_GLOBAL_ACCENT_COLOR_NAME = AccentColor;
				CODE_SIGN_STYLE = Automatic;
				INFOPLIST_FILE = DeckOfOneCard/Resources/Info.plist;
				LD_RUNPATH_SEARCH_PATHS = (
					"$(inherited)",
					"@executable_path/Frameworks",
				);
				PRODUCT_BUNDLE_IDENTIFIER = "Canvas-project.DeckOfOneCard";
				PRODUCT_NAME = "$(TARGET_NAME)";
				SWIFT_VERSION = 5.0;
				TARGETED_DEVICE_FAMILY = "1,2";
			};
			name = Debug;
		};
		AA6E92342641DE6400D20578 /* Release */ = {
			isa = XCBuildConfiguration;
			buildSettings = {
				ASSETCATALOG_COMPILER_APPICON_NAME = AppIcon;
				ASSETCATALOG_COMPILER_GLOBAL_ACCENT_COLOR_NAME = AccentColor;
				CODE_SIGN_STYLE = Automatic;
				INFOPLIST_FILE = DeckOfOneCard/Resources/Info.plist;
				LD_RUNPATH_SEARCH_PATHS = (
					"$(inherited)",
					"@executable_path/Frameworks",
				);
				PRODUCT_BUNDLE_IDENTIFIER = "Canvas-project.DeckOfOneCard";
				PRODUCT_NAME = "$(TARGET_NAME)";
				SWIFT_VERSION = 5.0;
				TARGETED_DEVICE_FAMILY = "1,2";
			};
			name = Release;
		};
/* End XCBuildConfiguration section */

/* Begin XCConfigurationList section */
		AA6E92192641DE6300D20578 /* Build configuration list for PBXProject "DeckOfOneCard" */ = {
			isa = XCConfigurationList;
			buildConfigurations = (
				AA6E92302641DE6400D20578 /* Debug */,
				AA6E92312641DE6400D20578 /* Release */,
			);
			defaultConfigurationIsVisible = 0;
			defaultConfigurationName = Release;
		};
		AA6E92322641DE6400D20578 /* Build configuration list for PBXNativeTarget "DeckOfOneCard" */ = {
			isa = XCConfigurationList;
			buildConfigurations = (
				AA6E92332641DE6400D20578 /* Debug */,
				AA6E92342641DE6400D20578 /* Release */,
			);
			defaultConfigurationIsVisible = 0;
			defaultConfigurationName = Release;
		};
/* End XCConfigurationList section */
	};
	rootObject = AA6E92162641DE6300D20578 /* Project object */;
}
